
Microsoft Visual Studio Solution File, Format Version 12.00
# Visual Studio Version 17
VisualStudioVersion = 17.0.31903.59
MinimumVisualStudioVersion = 10.0.40219.1
Project("{2150E333-8FDC-42A3-9474-1A3956D46DE8}") = "src", "src", "{827E0CD3-B72D-47B6-A68D-7590B98EB39B}"
EndProject
Project("{FAE04EC0-301F-11D3-BF4B-00C04F79EFBC}") = "TournamentServices.Api", "src\TournamentServices.Api\TournamentServices.Api.csproj", "{C03326CF-7FAF-4162-B89D-094A0C7F5E4A}"
EndProject
Project("{FAE04EC0-301F-11D3-BF4B-00C04F79EFBC}") = "TournamentServices.Delegates", "src\TournamentServices.Delegates\TournamentServices.Delegates.csproj", "{5F48B4A1-9DE9-40B0-916B-813F53CFE202}"
EndProject
Project("{FAE04EC0-301F-11D3-BF4B-00C04F79EFBC}") = "TournamentServices.Repositories", "src\TournamentServices.Repositories\TournamentServices.Repositories.csproj", "{CCA020EB-F44B-4A38-80A1-D9FFBFF8F42D}"
EndProject
Project("{FAE04EC0-301F-11D3-BF4B-00C04F79EFBC}") = "TournamentServices.Domain", "src\TournamentServices.Domain\TournamentServices.Domain.csproj", "{A3660F18-1308-4F33-96FD-0316ABB08AE4}"
EndProject
Global
	GlobalSection(SolutionConfigurationPlatforms) = preSolution
		Debug|Any CPU = Debug|Any CPU
		Debug|x64 = Debug|x64
		Debug|x86 = Debug|x86
		Release|Any CPU = Release|Any CPU
		Release|x64 = Release|x64
		Release|x86 = Release|x86
	EndGlobalSection
	GlobalSection(ProjectConfigurationPlatforms) = postSolution
		{C03326CF-7FAF-4162-B89D-094A0C7F5E4A}.Debug|Any CPU.ActiveCfg = Debug|Any CPU
		{C03326CF-7FAF-4162-B89D-094A0C7F5E4A}.Debug|Any CPU.Build.0 = Debug|Any CPU
		{C03326CF-7FAF-4162-B89D-094A0C7F5E4A}.Debug|x64.ActiveCfg = Debug|Any CPU
		{C03326CF-7FAF-4162-B89D-094A0C7F5E4A}.Debug|x64.Build.0 = Debug|Any CPU
		{C03326CF-7FAF-4162-B89D-094A0C7F5E4A}.Debug|x86.ActiveCfg = Debug|Any CPU
		{C03326CF-7FAF-4162-B89D-094A0C7F5E4A}.Debug|x86.Build.0 = Debug|Any CPU
		{C03326CF-7FAF-4162-B89D-094A0C7F5E4A}.Release|Any CPU.ActiveCfg = Release|Any CPU
		{C03326CF-7FAF-4162-B89D-094A0C7F5E4A}.Release|Any CPU.Build.0 = Release|Any CPU
		{C03326CF-7FAF-4162-B89D-094A0C7F5E4A}.Release|x64.ActiveCfg = Release|Any CPU
		{C03326CF-7FAF-4162-B89D-094A0C7F5E4A}.Release|x64.Build.0 = Release|Any CPU
		{C03326CF-7FAF-4162-B89D-094A0C7F5E4A}.Release|x86.ActiveCfg = Release|Any CPU
		{C03326CF-7FAF-4162-B89D-094A0C7F5E4A}.Release|x86.Build.0 = Release|Any CPU
		{5F48B4A1-9DE9-40B0-916B-813F53CFE202}.Debug|Any CPU.ActiveCfg = Debug|Any CPU
		{5F48B4A1-9DE9-40B0-916B-813F53CFE202}.Debug|Any CPU.Build.0 = Debug|Any CPU
		{5F48B4A1-9DE9-40B0-916B-813F53CFE202}.Debug|x64.ActiveCfg = Debug|Any CPU
		{5F48B4A1-9DE9-40B0-916B-813F53CFE202}.Debug|x64.Build.0 = Debug|Any CPU
		{5F48B4A1-9DE9-40B0-916B-813F53CFE202}.Debug|x86.ActiveCfg = Debug|Any CPU
		{5F48B4A1-9DE9-40B0-916B-813F53CFE202}.Debug|x86.Build.0 = Debug|Any CPU
		{5F48B4A1-9DE9-40B0-916B-813F53CFE202}.Release|Any CPU.ActiveCfg = Release|Any CPU
		{5F48B4A1-9DE9-40B0-916B-813F53CFE202}.Release|Any CPU.Build.0 = Release|Any CPU
		{5F48B4A1-9DE9-40B0-916B-813F53CFE202}.Release|x64.ActiveCfg = Release|Any CPU
		{5F48B4A1-9DE9-40B0-916B-813F53CFE202}.Release|x64.Build.0 = Release|Any CPU
		{5F48B4A1-9DE9-40B0-916B-813F53CFE202}.Release|x86.ActiveCfg = Release|Any CPU
		{5F48B4A1-9DE9-40B0-916B-813F53CFE202}.Release|x86.Build.0 = Release|Any CPU
		{CCA020EB-F44B-4A38-80A1-D9FFBFF8F42D}.Debug|Any CPU.ActiveCfg = Debug|Any CPU
		{CCA020EB-F44B-4A38-80A1-D9FFBFF8F42D}.Debug|Any CPU.Build.0 = Debug|Any CPU
		{CCA020EB-F44B-4A38-80A1-D9FFBFF8F42D}.Debug|x64.ActiveCfg = Debug|Any CPU
		{CCA020EB-F44B-4A38-80A1-D9FFBFF8F42D}.Debug|x64.Build.0 = Debug|Any CPU
		{CCA020EB-F44B-4A38-80A1-D9FFBFF8F42D}.Debug|x86.ActiveCfg = Debug|Any CPU
		{CCA020EB-F44B-4A38-80A1-D9FFBFF8F42D}.Debug|x86.Build.0 = Debug|Any CPU
		{CCA020EB-F44B-4A38-80A1-D9FFBFF8F42D}.Release|Any CPU.ActiveCfg = Release|Any CPU
		{CCA020EB-F44B-4A38-80A1-D9FFBFF8F42D}.Release|Any CPU.Build.0 = Release|Any CPU
		{CCA020EB-F44B-4A38-80A1-D9FFBFF8F42D}.Release|x64.ActiveCfg = Release|Any CPU
		{CCA020EB-F44B-4A38-80A1-D9FFBFF8F42D}.Release|x64.Build.0 = Release|Any CPU
		{CCA020EB-F44B-4A38-80A1-D9FFBFF8F42D}.Release|x86.ActiveCfg = Release|Any CPU
		{CCA020EB-F44B-4A38-80A1-D9FFBFF8F42D}.Release|x86.Build.0 = Release|Any CPU
		{A3660F18-1308-4F33-96FD-0316ABB08AE4}.Debug|Any CPU.ActiveCfg = Debug|Any CPU
		{A3660F18-1308-4F33-96FD-0316ABB08AE4}.Debug|Any CPU.Build.0 = Debug|Any CPU
		{A3660F18-1308-4F33-96FD-0316ABB08AE4}.Debug|x64.ActiveCfg = Debug|Any CPU
		{A3660F18-1308-4F33-96FD-0316ABB08AE4}.Debug|x64.Build.0 = Debug|Any CPU
		{A3660F18-1308-4F33-96FD-0316ABB08AE4}.Debug|x86.ActiveCfg = Debug|Any CPU
		{A3660F18-1308-4F33-96FD-0316ABB08AE4}.Debug|x86.Build.0 = Debug|Any CPU
		{A3660F18-1308-4F33-96FD-0316ABB08AE4}.Release|Any CPU.ActiveCfg = Release|Any CPU
		{A3660F18-1308-4F33-96FD-0316ABB08AE4}.Release|Any CPU.Build.0 = Release|Any CPU
		{A3660F18-1308-4F33-96FD-0316ABB08AE4}.Release|x64.ActiveCfg = Release|Any CPU
		{A3660F18-1308-4F33-96FD-0316ABB08AE4}.Release|x64.Build.0 = Release|Any CPU
		{A3660F18-1308-4F33-96FD-0316ABB08AE4}.Release|x86.ActiveCfg = Release|Any CPU
		{A3660F18-1308-4F33-96FD-0316ABB08AE4}.Release|x86.Build.0 = Release|Any CPU
	EndGlobalSection
	GlobalSection(SolutionProperties) = preSolution
		HideSolutionNode = FALSE
	EndGlobalSection
	GlobalSection(NestedProjects) = preSolution
		{C03326CF-7FAF-4162-B89D-094A0C7F5E4A} = {827E0CD3-B72D-47B6-A68D-7590B98EB39B}
		{5F48B4A1-9DE9-40B0-916B-813F53CFE202} = {827E0CD3-B72D-47B6-A68D-7590B98EB39B}
		{CCA020EB-F44B-4A38-80A1-D9FFBFF8F42D} = {827E0CD3-B72D-47B6-A68D-7590B98EB39B}
		{A3660F18-1308-4F33-96FD-0316ABB08AE4} = {827E0CD3-B72D-47B6-A68D-7590B98EB39B}
	EndGlobalSection
EndGlobal
