
Microsoft Visual Studio Solution File, Format Version 12.00
# Visual Studio Version 17
VisualStudioVersion = 17.0.31903.59
MinimumVisualStudioVersion = 10.0.40219.1
Project("{2150E333-8FDC-42A3-9474-1A3956D46DE8}") = "src", "src", "{827E0CD3-B72D-47B6-A68D-7590B98EB39B}"
EndProject
Project("{FAE04EC0-301F-11D3-BF4B-00C04F79EFBC}") = "TournamentServices.Api", "src\TournamentServices.Api\TournamentServices.Api.csproj", "{C03326CF-7FAF-4162-B89D-094A0C7F5E4A}"
EndProject
Project("{FAE04EC0-301F-11D3-BF4B-00C04F79EFBC}") = "TournamentServices.Delegates", "src\TournamentServices.Delegates\TournamentServices.Delegates.csproj", "{5F48B4A1-9DE9-40B0-916B-813F53CFE202}"
EndProject
Project("{FAE04EC0-301F-11D3-BF4B-00C04F79EFBC}") = "TournamentServices.Repositories", "src\TournamentServices.Repositories\TournamentServices.Repositories.csproj", "{CCA020EB-F44B-4A38-80A1-D9FFBFF8F42D}"
EndProject
Project("{FAE04EC0-301F-11D3-BF4B-00C04F79EFBC}") = "TournamentServices.Domain", "src\TournamentServices.Domain\TournamentServices.Domain.csproj", "{A3660F18-1308-4F33-96FD-0316ABB08AE4}"
EndProject
Project("{2150E333-8FDC-42A3-9474-1A3956D46DE8}") = "tests", "tests", "{0AB3BF05-4346-4AA6-1389-037BE0695223}"
EndProject
Project("{FAE04EC0-301F-11D3-BF4B-00C04F79EFBC}") = "TournamentServices.Api.Tests", "tests\TournamentServices.Api.Tests\TournamentServices.Api.Tests.csproj", "{59BFAC3A-324E-4C4A-A37E-AB86A17CB6C8}"
EndProject
Project("{FAE04EC0-301F-11D3-BF4B-00C04F79EFBC}") = "TournamentServices.Delegates.Tests", "tests\TournamentServices.Delegates.Tests\TournamentServices.Delegates.Tests.csproj", "{03D37BFA-B366-4B9D-8902-55C815B35DCF}"
EndProject
Project("{FAE04EC0-301F-11D3-BF4B-00C04F79EFBC}") = "TournamentServices.Repositories.Tests", "tests\TournamentServices.Repositories.Tests\TournamentServices.Repositories.Tests.csproj", "{E06034AE-5AED-463B-A006-C31FA658AAB4}"
EndProject
Project("{FAE04EC0-301F-11D3-BF4B-00C04F79EFBC}") = "TournamentServices.Domain.Tests", "tests\TournamentServices.Domain.Tests\TournamentServices.Domain.Tests.csproj", "{5B9CB473-265D-4066-B1F5-0A2B17FB3A69}"
EndProject
Global
	GlobalSection(SolutionConfigurationPlatforms) = preSolution
		Debug|Any CPU = Debug|Any CPU
		Debug|x64 = Debug|x64
		Debug|x86 = Debug|x86
		Release|Any CPU = Release|Any CPU
		Release|x64 = Release|x64
		Release|x86 = Release|x86
	EndGlobalSection
	GlobalSection(ProjectConfigurationPlatforms) = postSolution
		{C03326CF-7FAF-4162-B89D-094A0C7F5E4A}.Debug|Any CPU.ActiveCfg = Debug|Any CPU
		{C03326CF-7FAF-4162-B89D-094A0C7F5E4A}.Debug|Any CPU.Build.0 = Debug|Any CPU
		{C03326CF-7FAF-4162-B89D-094A0C7F5E4A}.Debug|x64.ActiveCfg = Debug|Any CPU
		{C03326CF-7FAF-4162-B89D-094A0C7F5E4A}.Debug|x64.Build.0 = Debug|Any CPU
		{C03326CF-7FAF-4162-B89D-094A0C7F5E4A}.Debug|x86.ActiveCfg = Debug|Any CPU
		{C03326CF-7FAF-4162-B89D-094A0C7F5E4A}.Debug|x86.Build.0 = Debug|Any CPU
		{C03326CF-7FAF-4162-B89D-094A0C7F5E4A}.Release|Any CPU.ActiveCfg = Release|Any CPU
		{C03326CF-7FAF-4162-B89D-094A0C7F5E4A}.Release|Any CPU.Build.0 = Release|Any CPU
		{C03326CF-7FAF-4162-B89D-094A0C7F5E4A}.Release|x64.ActiveCfg = Release|Any CPU
		{C03326CF-7FAF-4162-B89D-094A0C7F5E4A}.Release|x64.Build.0 = Release|Any CPU
		{C03326CF-7FAF-4162-B89D-094A0C7F5E4A}.Release|x86.ActiveCfg = Release|Any CPU
		{C03326CF-7FAF-4162-B89D-094A0C7F5E4A}.Release|x86.Build.0 = Release|Any CPU
		{5F48B4A1-9DE9-40B0-916B-813F53CFE202}.Debug|Any CPU.ActiveCfg = Debug|Any CPU
		{5F48B4A1-9DE9-40B0-916B-813F53CFE202}.Debug|Any CPU.Build.0 = Debug|Any CPU
		{5F48B4A1-9DE9-40B0-916B-813F53CFE202}.Debug|x64.ActiveCfg = Debug|Any CPU
		{5F48B4A1-9DE9-40B0-916B-813F53CFE202}.Debug|x64.Build.0 = Debug|Any CPU
		{5F48B4A1-9DE9-40B0-916B-813F53CFE202}.Debug|x86.ActiveCfg = Debug|Any CPU
		{5F48B4A1-9DE9-40B0-916B-813F53CFE202}.Debug|x86.Build.0 = Debug|Any CPU
		{5F48B4A1-9DE9-40B0-916B-813F53CFE202}.Release|Any CPU.ActiveCfg = Release|Any CPU
		{5F48B4A1-9DE9-40B0-916B-813F53CFE202}.Release|Any CPU.Build.0 = Release|Any CPU
		{5F48B4A1-9DE9-40B0-916B-813F53CFE202}.Release|x64.ActiveCfg = Release|Any CPU
		{5F48B4A1-9DE9-40B0-916B-813F53CFE202}.Release|x64.Build.0 = Release|Any CPU
		{5F48B4A1-9DE9-40B0-916B-813F53CFE202}.Release|x86.ActiveCfg = Release|Any CPU
		{5F48B4A1-9DE9-40B0-916B-813F53CFE202}.Release|x86.Build.0 = Release|Any CPU
		{CCA020EB-F44B-4A38-80A1-D9FFBFF8F42D}.Debug|Any CPU.ActiveCfg = Debug|Any CPU
		{CCA020EB-F44B-4A38-80A1-D9FFBFF8F42D}.Debug|Any CPU.Build.0 = Debug|Any CPU
		{CCA020EB-F44B-4A38-80A1-D9FFBFF8F42D}.Debug|x64.ActiveCfg = Debug|Any CPU
		{CCA020EB-F44B-4A38-80A1-D9FFBFF8F42D}.Debug|x64.Build.0 = Debug|Any CPU
		{CCA020EB-F44B-4A38-80A1-D9FFBFF8F42D}.Debug|x86.ActiveCfg = Debug|Any CPU
		{CCA020EB-F44B-4A38-80A1-D9FFBFF8F42D}.Debug|x86.Build.0 = Debug|Any CPU
		{CCA020EB-F44B-4A38-80A1-D9FFBFF8F42D}.Release|Any CPU.ActiveCfg = Release|Any CPU
		{CCA020EB-F44B-4A38-80A1-D9FFBFF8F42D}.Release|Any CPU.Build.0 = Release|Any CPU
		{CCA020EB-F44B-4A38-80A1-D9FFBFF8F42D}.Release|x64.ActiveCfg = Release|Any CPU
		{CCA020EB-F44B-4A38-80A1-D9FFBFF8F42D}.Release|x64.Build.0 = Release|Any CPU
		{CCA020EB-F44B-4A38-80A1-D9FFBFF8F42D}.Release|x86.ActiveCfg = Release|Any CPU
		{CCA020EB-F44B-4A38-80A1-D9FFBFF8F42D}.Release|x86.Build.0 = Release|Any CPU
		{A3660F18-1308-4F33-96FD-0316ABB08AE4}.Debug|Any CPU.ActiveCfg = Debug|Any CPU
		{A3660F18-1308-4F33-96FD-0316ABB08AE4}.Debug|Any CPU.Build.0 = Debug|Any CPU
		{A3660F18-1308-4F33-96FD-0316ABB08AE4}.Debug|x64.ActiveCfg = Debug|Any CPU
		{A3660F18-1308-4F33-96FD-0316ABB08AE4}.Debug|x64.Build.0 = Debug|Any CPU
		{A3660F18-1308-4F33-96FD-0316ABB08AE4}.Debug|x86.ActiveCfg = Debug|Any CPU
		{A3660F18-1308-4F33-96FD-0316ABB08AE4}.Debug|x86.Build.0 = Debug|Any CPU
		{A3660F18-1308-4F33-96FD-0316ABB08AE4}.Release|Any CPU.ActiveCfg = Release|Any CPU
		{A3660F18-1308-4F33-96FD-0316ABB08AE4}.Release|Any CPU.Build.0 = Release|Any CPU
		{A3660F18-1308-4F33-96FD-0316ABB08AE4}.Release|x64.ActiveCfg = Release|Any CPU
		{A3660F18-1308-4F33-96FD-0316ABB08AE4}.Release|x64.Build.0 = Release|Any CPU
		{A3660F18-1308-4F33-96FD-0316ABB08AE4}.Release|x86.ActiveCfg = Release|Any CPU
		{A3660F18-1308-4F33-96FD-0316ABB08AE4}.Release|x86.Build.0 = Release|Any CPU
		{59BFAC3A-324E-4C4A-A37E-AB86A17CB6C8}.Debug|Any CPU.ActiveCfg = Debug|Any CPU
		{59BFAC3A-324E-4C4A-A37E-AB86A17CB6C8}.Debug|Any CPU.Build.0 = Debug|Any CPU
		{59BFAC3A-324E-4C4A-A37E-AB86A17CB6C8}.Debug|x64.ActiveCfg = Debug|Any CPU
		{59BFAC3A-324E-4C4A-A37E-AB86A17CB6C8}.Debug|x64.Build.0 = Debug|Any CPU
		{59BFAC3A-324E-4C4A-A37E-AB86A17CB6C8}.Debug|x86.ActiveCfg = Debug|Any CPU
		{59BFAC3A-324E-4C4A-A37E-AB86A17CB6C8}.Debug|x86.Build.0 = Debug|Any CPU
		{59BFAC3A-324E-4C4A-A37E-AB86A17CB6C8}.Release|Any CPU.ActiveCfg = Release|Any CPU
		{59BFAC3A-324E-4C4A-A37E-AB86A17CB6C8}.Release|Any CPU.Build.0 = Release|Any CPU
		{59BFAC3A-324E-4C4A-A37E-AB86A17CB6C8}.Release|x64.ActiveCfg = Release|Any CPU
		{59BFAC3A-324E-4C4A-A37E-AB86A17CB6C8}.Release|x64.Build.0 = Release|Any CPU
		{59BFAC3A-324E-4C4A-A37E-AB86A17CB6C8}.Release|x86.ActiveCfg = Release|Any CPU
		{59BFAC3A-324E-4C4A-A37E-AB86A17CB6C8}.Release|x86.Build.0 = Release|Any CPU
		{03D37BFA-B366-4B9D-8902-55C815B35DCF}.Debug|Any CPU.ActiveCfg = Debug|Any CPU
		{03D37BFA-B366-4B9D-8902-55C815B35DCF}.Debug|Any CPU.Build.0 = Debug|Any CPU
		{03D37BFA-B366-4B9D-8902-55C815B35DCF}.Debug|x64.ActiveCfg = Debug|Any CPU
		{03D37BFA-B366-4B9D-8902-55C815B35DCF}.Debug|x64.Build.0 = Debug|Any CPU
		{03D37BFA-B366-4B9D-8902-55C815B35DCF}.Debug|x86.ActiveCfg = Debug|Any CPU
		{03D37BFA-B366-4B9D-8902-55C815B35DCF}.Debug|x86.Build.0 = Debug|Any CPU
		{03D37BFA-B366-4B9D-8902-55C815B35DCF}.Release|Any CPU.ActiveCfg = Release|Any CPU
		{03D37BFA-B366-4B9D-8902-55C815B35DCF}.Release|Any CPU.Build.0 = Release|Any CPU
		{03D37BFA-B366-4B9D-8902-55C815B35DCF}.Release|x64.ActiveCfg = Release|Any CPU
		{03D37BFA-B366-4B9D-8902-55C815B35DCF}.Release|x64.Build.0 = Release|Any CPU
		{03D37BFA-B366-4B9D-8902-55C815B35DCF}.Release|x86.ActiveCfg = Release|Any CPU
		{03D37BFA-B366-4B9D-8902-55C815B35DCF}.Release|x86.Build.0 = Release|Any CPU
		{E06034AE-5AED-463B-A006-C31FA658AAB4}.Debug|Any CPU.ActiveCfg = Debug|Any CPU
		{E06034AE-5AED-463B-A006-C31FA658AAB4}.Debug|Any CPU.Build.0 = Debug|Any CPU
		{E06034AE-5AED-463B-A006-C31FA658AAB4}.Debug|x64.ActiveCfg = Debug|Any CPU
		{E06034AE-5AED-463B-A006-C31FA658AAB4}.Debug|x64.Build.0 = Debug|Any CPU
		{E06034AE-5AED-463B-A006-C31FA658AAB4}.Debug|x86.ActiveCfg = Debug|Any CPU
		{E06034AE-5AED-463B-A006-C31FA658AAB4}.Debug|x86.Build.0 = Debug|Any CPU
		{E06034AE-5AED-463B-A006-C31FA658AAB4}.Release|Any CPU.ActiveCfg = Release|Any CPU
		{E06034AE-5AED-463B-A006-C31FA658AAB4}.Release|Any CPU.Build.0 = Release|Any CPU
		{E06034AE-5AED-463B-A006-C31FA658AAB4}.Release|x64.ActiveCfg = Release|Any CPU
		{E06034AE-5AED-463B-A006-C31FA658AAB4}.Release|x64.Build.0 = Release|Any CPU
		{E06034AE-5AED-463B-A006-C31FA658AAB4}.Release|x86.ActiveCfg = Release|Any CPU
		{E06034AE-5AED-463B-A006-C31FA658AAB4}.Release|x86.Build.0 = Release|Any CPU
		{5B9CB473-265D-4066-B1F5-0A2B17FB3A69}.Debug|Any CPU.ActiveCfg = Debug|Any CPU
		{5B9CB473-265D-4066-B1F5-0A2B17FB3A69}.Debug|Any CPU.Build.0 = Debug|Any CPU
		{5B9CB473-265D-4066-B1F5-0A2B17FB3A69}.Debug|x64.ActiveCfg = Debug|Any CPU
		{5B9CB473-265D-4066-B1F5-0A2B17FB3A69}.Debug|x64.Build.0 = Debug|Any CPU
		{5B9CB473-265D-4066-B1F5-0A2B17FB3A69}.Debug|x86.ActiveCfg = Debug|Any CPU
		{5B9CB473-265D-4066-B1F5-0A2B17FB3A69}.Debug|x86.Build.0 = Debug|Any CPU
		{5B9CB473-265D-4066-B1F5-0A2B17FB3A69}.Release|Any CPU.ActiveCfg = Release|Any CPU
		{5B9CB473-265D-4066-B1F5-0A2B17FB3A69}.Release|Any CPU.Build.0 = Release|Any CPU
		{5B9CB473-265D-4066-B1F5-0A2B17FB3A69}.Release|x64.ActiveCfg = Release|Any CPU
		{5B9CB473-265D-4066-B1F5-0A2B17FB3A69}.Release|x64.Build.0 = Release|Any CPU
		{5B9CB473-265D-4066-B1F5-0A2B17FB3A69}.Release|x86.ActiveCfg = Release|Any CPU
		{5B9CB473-265D-4066-B1F5-0A2B17FB3A69}.Release|x86.Build.0 = Release|Any CPU
	EndGlobalSection
	GlobalSection(SolutionProperties) = preSolution
		HideSolutionNode = FALSE
	EndGlobalSection
	GlobalSection(NestedProjects) = preSolution
		{C03326CF-7FAF-4162-B89D-094A0C7F5E4A} = {827E0CD3-B72D-47B6-A68D-7590B98EB39B}
		{5F48B4A1-9DE9-40B0-916B-813F53CFE202} = {827E0CD3-B72D-47B6-A68D-7590B98EB39B}
		{CCA020EB-F44B-4A38-80A1-D9FFBFF8F42D} = {827E0CD3-B72D-47B6-A68D-7590B98EB39B}
		{A3660F18-1308-4F33-96FD-0316ABB08AE4} = {827E0CD3-B72D-47B6-A68D-7590B98EB39B}
		{59BFAC3A-324E-4C4A-A37E-AB86A17CB6C8} = {0AB3BF05-4346-4AA6-1389-037BE0695223}
		{03D37BFA-B366-4B9D-8902-55C815B35DCF} = {0AB3BF05-4346-4AA6-1389-037BE0695223}
		{E06034AE-5AED-463B-A006-C31FA658AAB4} = {0AB3BF05-4346-4AA6-1389-037BE0695223}
		{5B9CB473-265D-4066-B1F5-0A2B17FB3A69} = {0AB3BF05-4346-4AA6-1389-037BE0695223}
	EndGlobalSection
EndGlobal
